
Microsoft Visual Studio Solution File, Format Version 12.00
# Visual Studio Version 16
VisualStudioVersion = 16.0.30011.22
MinimumVisualStudioVersion = 10.0.40219.1
Project("{9A19103F-16F7-4668-BE54-9A1E7A4F7556}") = "BackendFramework", "BackendFramework\BackendFramework.csproj", "{B2279122-2529-4333-84D4-A800070EC2FE}"
EndProject
Project("{9A19103F-16F7-4668-BE54-9A1E7A4F7556}") = "Core.DB", "Core.DB\Core.DB.csproj", "{1F9C7A12-4F40-4BCA-962F-E59A859B886D}"
EndProject
Project("{9A19103F-16F7-4668-BE54-9A1E7A4F7556}") = "Core.Infastracture", "Core.Infastracture\Core.Infastracture.csproj", "{45F7B21A-7EFC-4DBD-B86E-3FE8788AA142}"
EndProject
Global
	GlobalSection(SolutionConfigurationPlatforms) = preSolution
		Debug|Any CPU = Debug|Any CPU
		Release|Any CPU = Release|Any CPU
	EndGlobalSection
	GlobalSection(ProjectConfigurationPlatforms) = postSolution
		{B2279122-2529-4333-84D4-A800070EC2FE}.Debug|Any CPU.ActiveCfg = Debug|Any CPU
		{B2279122-2529-4333-84D4-A800070EC2FE}.Debug|Any CPU.Build.0 = Debug|Any CPU
		{B2279122-2529-4333-84D4-A800070EC2FE}.Release|Any CPU.ActiveCfg = Release|Any CPU
		{B2279122-2529-4333-84D4-A800070EC2FE}.Release|Any CPU.Build.0 = Release|Any CPU
		{1F9C7A12-4F40-4BCA-962F-E59A859B886D}.Debug|Any CPU.ActiveCfg = Debug|Any CPU
		{1F9C7A12-4F40-4BCA-962F-E59A859B886D}.Debug|Any CPU.Build.0 = Debug|Any CPU
		{1F9C7A12-4F40-4BCA-962F-E59A859B886D}.Release|Any CPU.ActiveCfg = Release|Any CPU
		{1F9C7A12-4F40-4BCA-962F-E59A859B886D}.Release|Any CPU.Build.0 = Release|Any CPU
		{45F7B21A-7EFC-4DBD-B86E-3FE8788AA142}.Debug|Any CPU.ActiveCfg = Debug|Any CPU
		{45F7B21A-7EFC-4DBD-B86E-3FE8788AA142}.Debug|Any CPU.Build.0 = Debug|Any CPU
		{45F7B21A-7EFC-4DBD-B86E-3FE8788AA142}.Release|Any CPU.ActiveCfg = Release|Any CPU
		{45F7B21A-7EFC-4DBD-B86E-3FE8788AA142}.Release|Any CPU.Build.0 = Release|Any CPU
	EndGlobalSection
	GlobalSection(SolutionProperties) = preSolution
		HideSolutionNode = FALSE
	EndGlobalSection
	GlobalSection(ExtensibilityGlobals) = postSolution
		SolutionGuid = {67953A02-0D5B-4D0D-AB12-B2A0EC541959}
	EndGlobalSection
EndGlobal
